
Microsoft Visual Studio Solution File, Format Version 12.00
# Visual Studio 15
VisualStudioVersion = 15.0.26730.16
MinimumVisualStudioVersion = 10.0.40219.1
Project("{FAE04EC0-301F-11D3-BF4B-00C04F79EFBC}") = "LAZAR+SULTANYAROV", "WindowsFormsApp5\LAZAR+SULTANYAROV.csproj", "{00393FA7-95A6-4D71-9982-EB04D204CE21}"
EndProject
Global
	GlobalSection(SolutionConfigurationPlatforms) = preSolution
		Debug|Any CPU = Debug|Any CPU
		Release|Any CPU = Release|Any CPU
	EndGlobalSection
	GlobalSection(ProjectConfigurationPlatforms) = postSolution
		{00393FA7-95A6-4D71-9982-EB04D204CE21}.Debug|Any CPU.ActiveCfg = Debug|Any CPU
		{00393FA7-95A6-4D71-9982-EB04D204CE21}.Debug|Any CPU.Build.0 = Debug|Any CPU
		{00393FA7-95A6-4D71-9982-EB04D204CE21}.Release|Any CPU.ActiveCfg = Release|Any CPU
		{00393FA7-95A6-4D71-9982-EB04D204CE21}.Release|Any CPU.Build.0 = Release|Any CPU
	EndGlobalSection
	GlobalSection(SolutionProperties) = preSolution
		HideSolutionNode = FALSE
	EndGlobalSection
	GlobalSection(ExtensibilityGlobals) = postSolution
		SolutionGuid = {ED41030A-B9DD-4EBD-BED6-840C2C0D9C2A}
	EndGlobalSection
EndGlobal
